// !$*UTF8*$!
{
	archiveVersion = 1;
	classes = {
	};
	objectVersion = 46;
	objects = {

/* Begin PBXBuildFile section */
		6DE6FAFB1BD1EB54006245F8 /* AppDelegate.swift in Sources */ = {isa = PBXBuildFile; fileRef = 6DE6FAFA1BD1EB54006245F8 /* AppDelegate.swift */; };
		6DE6FAFD1BD1EB54006245F8 /* GameScene.sks in Resources */ = {isa = PBXBuildFile; fileRef = 6DE6FAFC1BD1EB54006245F8 /* GameScene.sks */; };
		6DE6FAFF1BD1EB54006245F8 /* GamePlayScene.swift in Sources */ = {isa = PBXBuildFile; fileRef = 6DE6FAFE1BD1EB54006245F8 /* GamePlayScene.swift */; };
		6DE6FB011BD1EB54006245F8 /* GameViewController.swift in Sources */ = {isa = PBXBuildFile; fileRef = 6DE6FB001BD1EB54006245F8 /* GameViewController.swift */; };
		6DE6FB041BD1EB54006245F8 /* Main.storyboard in Resources */ = {isa = PBXBuildFile; fileRef = 6DE6FB021BD1EB54006245F8 /* Main.storyboard */; };
		6DE6FB091BD1EB54006245F8 /* LaunchScreen.storyboard in Resources */ = {isa = PBXBuildFile; fileRef = 6DE6FB071BD1EB54006245F8 /* LaunchScreen.storyboard */; };
		6DE6FB141BD1EB54006245F8 /* DashBrosTests.swift in Sources */ = {isa = PBXBuildFile; fileRef = 6DE6FB131BD1EB54006245F8 /* DashBrosTests.swift */; };
		6DE6FB1F1BD1EB55006245F8 /* DashBrosUITests.swift in Sources */ = {isa = PBXBuildFile; fileRef = 6DE6FB1E1BD1EB55006245F8 /* DashBrosUITests.swift */; };
		E4F2DA711BD5E4620089F07D /* YellowDying.atlas in Resources */ = {isa = PBXBuildFile; fileRef = E4F2DA691BD5E4620089F07D /* YellowDying.atlas */; settings = {ASSET_TAGS = (); }; };
		E4F2DA721BD5E4620089F07D /* YellowRunning.atlas in Resources */ = {isa = PBXBuildFile; fileRef = E4F2DA6A1BD5E4620089F07D /* YellowRunning.atlas */; settings = {ASSET_TAGS = (); }; };
		E4F2DA731BD5E4620089F07D /* GreenDying.atlas in Resources */ = {isa = PBXBuildFile; fileRef = E4F2DA6B1BD5E4620089F07D /* GreenDying.atlas */; settings = {ASSET_TAGS = (); }; };
		E4F2DA741BD5E4620089F07D /* GreenRunning.atlas in Resources */ = {isa = PBXBuildFile; fileRef = E4F2DA6C1BD5E4620089F07D /* GreenRunning.atlas */; settings = {ASSET_TAGS = (); }; };
		E4F2DA751BD5E4620089F07D /* RedRunning.atlas in Resources */ = {isa = PBXBuildFile; fileRef = E4F2DA6D1BD5E4620089F07D /* RedRunning.atlas */; settings = {ASSET_TAGS = (); }; };
		E4F2DA761BD5E4620089F07D /* RedDying.atlas in Resources */ = {isa = PBXBuildFile; fileRef = E4F2DA6E1BD5E4620089F07D /* RedDying.atlas */; settings = {ASSET_TAGS = (); }; };
		E4F2DA771BD5E4620089F07D /* BlueDying.atlas in Resources */ = {isa = PBXBuildFile; fileRef = E4F2DA6F1BD5E4620089F07D /* BlueDying.atlas */; settings = {ASSET_TAGS = (); }; };
		E4F2DA781BD5E4620089F07D /* BlueRunning.atlas in Resources */ = {isa = PBXBuildFile; fileRef = E4F2DA701BD5E4620089F07D /* BlueRunning.atlas */; settings = {ASSET_TAGS = (); }; };
		E4F2DA7C1BD5E49A0089F07D /* GameOver.swift in Sources */ = {isa = PBXBuildFile; fileRef = E4F2DA7A1BD5E49A0089F07D /* GameOver.swift */; settings = {ASSET_TAGS = (); }; };
		E4F2DA7E1BD5E4DB0089F07D /* Hero.swift in Sources */ = {isa = PBXBuildFile; fileRef = E4F2DA7D1BD5E4DB0089F07D /* Hero.swift */; settings = {ASSET_TAGS = (); }; };
		E4F2DA801BD5E4F40089F07D /* GameScene.swift in Sources */ = {isa = PBXBuildFile; fileRef = E4F2DA7F1BD5E4F40089F07D /* GameScene.swift */; settings = {ASSET_TAGS = (); }; };
		E4F2DA821BD5ECF60089F07D /* Assets.xcassets in Resources */ = {isa = PBXBuildFile; fileRef = E4F2DA811BD5ECF60089F07D /* Assets.xcassets */; settings = {ASSET_TAGS = (); }; };
/* End PBXBuildFile section */

/* Begin PBXContainerItemProxy section */
		6DE6FB101BD1EB54006245F8 /* PBXContainerItemProxy */ = {
			isa = PBXContainerItemProxy;
			containerPortal = 6DE6FAEF1BD1EB54006245F8 /* Project object */;
			proxyType = 1;
			remoteGlobalIDString = 6DE6FAF61BD1EB54006245F8;
			remoteInfo = DashBros;
		};
		6DE6FB1B1BD1EB55006245F8 /* PBXContainerItemProxy */ = {
			isa = PBXContainerItemProxy;
			containerPortal = 6DE6FAEF1BD1EB54006245F8 /* Project object */;
			proxyType = 1;
			remoteGlobalIDString = 6DE6FAF61BD1EB54006245F8;
			remoteInfo = DashBros;
		};
/* End PBXContainerItemProxy section */

/* Begin PBXFileReference section */
		6DE6FAF71BD1EB54006245F8 /* DashBros.app */ = {isa = PBXFileReference; explicitFileType = wrapper.application; includeInIndex = 0; path = DashBros.app; sourceTree = BUILT_PRODUCTS_DIR; };
		6DE6FAFA1BD1EB54006245F8 /* AppDelegate.swift */ = {isa = PBXFileReference; lastKnownFileType = sourcecode.swift; path = AppDelegate.swift; sourceTree = "<group>"; };
		6DE6FAFC1BD1EB54006245F8 /* GameScene.sks */ = {isa = PBXFileReference; lastKnownFileType = file.sks; path = GameScene.sks; sourceTree = "<group>"; };
		6DE6FAFE1BD1EB54006245F8 /* GamePlayScene.swift */ = {isa = PBXFileReference; lastKnownFileType = sourcecode.swift; path = GamePlayScene.swift; sourceTree = "<group>"; };
		6DE6FB001BD1EB54006245F8 /* GameViewController.swift */ = {isa = PBXFileReference; lastKnownFileType = sourcecode.swift; path = GameViewController.swift; sourceTree = "<group>"; };
		6DE6FB031BD1EB54006245F8 /* Base */ = {isa = PBXFileReference; lastKnownFileType = file.storyboard; name = Base; path = Base.lproj/Main.storyboard; sourceTree = "<group>"; };
		6DE6FB081BD1EB54006245F8 /* Base */ = {isa = PBXFileReference; lastKnownFileType = file.storyboard; name = Base; path = Base.lproj/LaunchScreen.storyboard; sourceTree = "<group>"; };
		6DE6FB0A1BD1EB54006245F8 /* Info.plist */ = {isa = PBXFileReference; lastKnownFileType = text.plist.xml; path = Info.plist; sourceTree = "<group>"; };
		6DE6FB0F1BD1EB54006245F8 /* DashBrosTests.xctest */ = {isa = PBXFileReference; explicitFileType = wrapper.cfbundle; includeInIndex = 0; path = DashBrosTests.xctest; sourceTree = BUILT_PRODUCTS_DIR; };
		6DE6FB131BD1EB54006245F8 /* DashBrosTests.swift */ = {isa = PBXFileReference; lastKnownFileType = sourcecode.swift; path = DashBrosTests.swift; sourceTree = "<group>"; };
		6DE6FB151BD1EB54006245F8 /* Info.plist */ = {isa = PBXFileReference; lastKnownFileType = text.plist.xml; path = Info.plist; sourceTree = "<group>"; };
		6DE6FB1A1BD1EB55006245F8 /* DashBrosUITests.xctest */ = {isa = PBXFileReference; explicitFileType = wrapper.cfbundle; includeInIndex = 0; path = DashBrosUITests.xctest; sourceTree = BUILT_PRODUCTS_DIR; };
		6DE6FB1E1BD1EB55006245F8 /* DashBrosUITests.swift */ = {isa = PBXFileReference; lastKnownFileType = sourcecode.swift; path = DashBrosUITests.swift; sourceTree = "<group>"; };
		6DE6FB201BD1EB55006245F8 /* Info.plist */ = {isa = PBXFileReference; lastKnownFileType = text.plist.xml; path = Info.plist; sourceTree = "<group>"; };
		E4F2DA691BD5E4620089F07D /* YellowDying.atlas */ = {isa = PBXFileReference; lastKnownFileType = folder.skatlas; path = YellowDying.atlas; sourceTree = "<group>"; };
		E4F2DA6A1BD5E4620089F07D /* YellowRunning.atlas */ = {isa = PBXFileReference; lastKnownFileType = folder.skatlas; path = YellowRunning.atlas; sourceTree = "<group>"; };
		E4F2DA6B1BD5E4620089F07D /* GreenDying.atlas */ = {isa = PBXFileReference; lastKnownFileType = folder.skatlas; path = GreenDying.atlas; sourceTree = "<group>"; };
		E4F2DA6C1BD5E4620089F07D /* GreenRunning.atlas */ = {isa = PBXFileReference; lastKnownFileType = folder.skatlas; path = GreenRunning.atlas; sourceTree = "<group>"; };
		E4F2DA6D1BD5E4620089F07D /* RedRunning.atlas */ = {isa = PBXFileReference; lastKnownFileType = folder.skatlas; path = RedRunning.atlas; sourceTree = "<group>"; };
		E4F2DA6E1BD5E4620089F07D /* RedDying.atlas */ = {isa = PBXFileReference; lastKnownFileType = folder.skatlas; path = RedDying.atlas; sourceTree = "<group>"; };
		E4F2DA6F1BD5E4620089F07D /* BlueDying.atlas */ = {isa = PBXFileReference; lastKnownFileType = folder.skatlas; path = BlueDying.atlas; sourceTree = "<group>"; };
		E4F2DA701BD5E4620089F07D /* BlueRunning.atlas */ = {isa = PBXFileReference; lastKnownFileType = folder.skatlas; path = BlueRunning.atlas; sourceTree = "<group>"; };
		E4F2DA7A1BD5E49A0089F07D /* GameOver.swift */ = {isa = PBXFileReference; fileEncoding = 4; lastKnownFileType = sourcecode.swift; path = GameOver.swift; sourceTree = "<group>"; };
		E4F2DA7D1BD5E4DB0089F07D /* Hero.swift */ = {isa = PBXFileReference; fileEncoding = 4; lastKnownFileType = sourcecode.swift; path = Hero.swift; sourceTree = "<group>"; };
		E4F2DA7F1BD5E4F40089F07D /* GameScene.swift */ = {isa = PBXFileReference; fileEncoding = 4; lastKnownFileType = sourcecode.swift; path = GameScene.swift; sourceTree = "<group>"; };
		E4F2DA811BD5ECF60089F07D /* Assets.xcassets */ = {isa = PBXFileReference; lastKnownFileType = folder.assetcatalog; name = Assets.xcassets; path = ../../../../Downloads/DashBros/DashBros/DashBros/Assets.xcassets; sourceTree = "<group>"; };
/* End PBXFileReference section */

/* Begin PBXFrameworksBuildPhase section */
		6DE6FAF41BD1EB54006245F8 /* Frameworks */ = {
			isa = PBXFrameworksBuildPhase;
			buildActionMask = 2147483647;
			files = (
			);
			runOnlyForDeploymentPostprocessing = 0;
		};
		6DE6FB0C1BD1EB54006245F8 /* Frameworks */ = {
			isa = PBXFrameworksBuildPhase;
			buildActionMask = 2147483647;
			files = (
			);
			runOnlyForDeploymentPostprocessing = 0;
		};
		6DE6FB171BD1EB55006245F8 /* Frameworks */ = {
			isa = PBXFrameworksBuildPhase;
			buildActionMask = 2147483647;
			files = (
			);
			runOnlyForDeploymentPostprocessing = 0;
		};
/* End PBXFrameworksBuildPhase section */

/* Begin PBXGroup section */
		6DE6FAEE1BD1EB54006245F8 = {
			isa = PBXGroup;
			children = (
				6DE6FAF91BD1EB54006245F8 /* DashBros */,
				6DE6FB121BD1EB54006245F8 /* DashBrosTests */,
				6DE6FB1D1BD1EB55006245F8 /* DashBrosUITests */,
				6DE6FAF81BD1EB54006245F8 /* Products */,
			);
			sourceTree = "<group>";
		};
		6DE6FAF81BD1EB54006245F8 /* Products */ = {
			isa = PBXGroup;
			children = (
				6DE6FAF71BD1EB54006245F8 /* DashBros.app */,
				6DE6FB0F1BD1EB54006245F8 /* DashBrosTests.xctest */,
				6DE6FB1A1BD1EB55006245F8 /* DashBrosUITests.xctest */,
			);
			name = Products;
			sourceTree = "<group>";
		};
		6DE6FAF91BD1EB54006245F8 /* DashBros */ = {
			isa = PBXGroup;
			children = (
				E4F2DA691BD5E4620089F07D /* YellowDying.atlas */,
				E4F2DA6A1BD5E4620089F07D /* YellowRunning.atlas */,
				E4F2DA6B1BD5E4620089F07D /* GreenDying.atlas */,
				E4F2DA6C1BD5E4620089F07D /* GreenRunning.atlas */,
				E4F2DA6D1BD5E4620089F07D /* RedRunning.atlas */,
				E4F2DA6E1BD5E4620089F07D /* RedDying.atlas */,
				E4F2DA6F1BD5E4620089F07D /* BlueDying.atlas */,
				E4F2DA701BD5E4620089F07D /* BlueRunning.atlas */,
				6DE6FB2D1BD1ED00006245F8 /* SupportingFiles */,
				6DE6FB2C1BD1ECF3006245F8 /* GameScenes */,
				6DE6FB021BD1EB54006245F8 /* Main.storyboard */,
				6DE6FB071BD1EB54006245F8 /* LaunchScreen.storyboard */,
				E4F2DA811BD5ECF60089F07D /* Assets.xcassets */,
				6DE6FB0A1BD1EB54006245F8 /* Info.plist */,
			);
			path = DashBros;
			sourceTree = "<group>";
		};
		6DE6FB121BD1EB54006245F8 /* DashBrosTests */ = {
			isa = PBXGroup;
			children = (
				6DE6FB131BD1EB54006245F8 /* DashBrosTests.swift */,
				6DE6FB151BD1EB54006245F8 /* Info.plist */,
			);
			path = DashBrosTests;
			sourceTree = "<group>";
		};
		6DE6FB1D1BD1EB55006245F8 /* DashBrosUITests */ = {
			isa = PBXGroup;
			children = (
				6DE6FB1E1BD1EB55006245F8 /* DashBrosUITests.swift */,
				6DE6FB201BD1EB55006245F8 /* Info.plist */,
			);
			path = DashBrosUITests;
			sourceTree = "<group>";
		};
		6DE6FB2C1BD1ECF3006245F8 /* GameScenes */ = {
			isa = PBXGroup;
			children = (
				6DE6FAFE1BD1EB54006245F8 /* GamePlayScene.swift */,
				E4F2DA7F1BD5E4F40089F07D /* GameScene.swift */,
				E4F2DA7A1BD5E49A0089F07D /* GameOver.swift */,
			);
			name = GameScenes;
			sourceTree = "<group>";
		};
		6DE6FB2D1BD1ED00006245F8 /* SupportingFiles */ = {
			isa = PBXGroup;
			children = (
				6DE6FAFC1BD1EB54006245F8 /* GameScene.sks */,
				6DE6FAFA1BD1EB54006245F8 /* AppDelegate.swift */,
				6DE6FB001BD1EB54006245F8 /* GameViewController.swift */,
				E4F2DA7D1BD5E4DB0089F07D /* Hero.swift */,
			);
			name = SupportingFiles;
			sourceTree = "<group>";
		};
/* End PBXGroup section */

/* Begin PBXNativeTarget section */
		6DE6FAF61BD1EB54006245F8 /* DashBros */ = {
			isa = PBXNativeTarget;
			buildConfigurationList = 6DE6FB231BD1EB55006245F8 /* Build configuration list for PBXNativeTarget "DashBros" */;
			buildPhases = (
				6DE6FAF31BD1EB54006245F8 /* Sources */,
				6DE6FAF41BD1EB54006245F8 /* Frameworks */,
				6DE6FAF51BD1EB54006245F8 /* Resources */,
			);
			buildRules = (
			);
			dependencies = (
			);
			name = DashBros;
			productName = DashBros;
			productReference = 6DE6FAF71BD1EB54006245F8 /* DashBros.app */;
			productType = "com.apple.product-type.application";
		};
		6DE6FB0E1BD1EB54006245F8 /* DashBrosTests */ = {
			isa = PBXNativeTarget;
			buildConfigurationList = 6DE6FB261BD1EB55006245F8 /* Build configuration list for PBXNativeTarget "DashBrosTests" */;
			buildPhases = (
				6DE6FB0B1BD1EB54006245F8 /* Sources */,
				6DE6FB0C1BD1EB54006245F8 /* Frameworks */,
				6DE6FB0D1BD1EB54006245F8 /* Resources */,
			);
			buildRules = (
			);
			dependencies = (
				6DE6FB111BD1EB54006245F8 /* PBXTargetDependency */,
			);
			name = DashBrosTests;
			productName = DashBrosTests;
			productReference = 6DE6FB0F1BD1EB54006245F8 /* DashBrosTests.xctest */;
			productType = "com.apple.product-type.bundle.unit-test";
		};
		6DE6FB191BD1EB55006245F8 /* DashBrosUITests */ = {
			isa = PBXNativeTarget;
			buildConfigurationList = 6DE6FB291BD1EB55006245F8 /* Build configuration list for PBXNativeTarget "DashBrosUITests" */;
			buildPhases = (
				6DE6FB161BD1EB55006245F8 /* Sources */,
				6DE6FB171BD1EB55006245F8 /* Frameworks */,
				6DE6FB181BD1EB55006245F8 /* Resources */,
			);
			buildRules = (
			);
			dependencies = (
				6DE6FB1C1BD1EB55006245F8 /* PBXTargetDependency */,
			);
			name = DashBrosUITests;
			productName = DashBrosUITests;
			productReference = 6DE6FB1A1BD1EB55006245F8 /* DashBrosUITests.xctest */;
			productType = "com.apple.product-type.bundle.ui-testing";
		};
/* End PBXNativeTarget section */

/* Begin PBXProject section */
		6DE6FAEF1BD1EB54006245F8 /* Project object */ = {
			isa = PBXProject;
			attributes = {
				LastUpgradeCheck = 0700;
				ORGANIZATIONNAME = OneUppDev;
				TargetAttributes = {
					6DE6FAF61BD1EB54006245F8 = {
						CreatedOnToolsVersion = 7.0.1;
						DevelopmentTeam = 5H49Y5ZSG6;
					};
					6DE6FB0E1BD1EB54006245F8 = {
						CreatedOnToolsVersion = 7.0.1;
						TestTargetID = 6DE6FAF61BD1EB54006245F8;
					};
					6DE6FB191BD1EB55006245F8 = {
						CreatedOnToolsVersion = 7.0.1;
						TestTargetID = 6DE6FAF61BD1EB54006245F8;
					};
				};
			};
			buildConfigurationList = 6DE6FAF21BD1EB54006245F8 /* Build configuration list for PBXProject "DashBros" */;
			compatibilityVersion = "Xcode 3.2";
			developmentRegion = English;
			hasScannedForEncodings = 0;
			knownRegions = (
				en,
				Base,
			);
			mainGroup = 6DE6FAEE1BD1EB54006245F8;
			productRefGroup = 6DE6FAF81BD1EB54006245F8 /* Products */;
			projectDirPath = "";
			projectRoot = "";
			targets = (
				6DE6FAF61BD1EB54006245F8 /* DashBros */,
				6DE6FB0E1BD1EB54006245F8 /* DashBrosTests */,
				6DE6FB191BD1EB55006245F8 /* DashBrosUITests */,
			);
		};
/* End PBXProject section */

/* Begin PBXResourcesBuildPhase section */
		6DE6FAF51BD1EB54006245F8 /* Resources */ = {
			isa = PBXResourcesBuildPhase;
			buildActionMask = 2147483647;
			files = (
				6DE6FAFD1BD1EB54006245F8 /* GameScene.sks in Resources */,
				E4F2DA781BD5E4620089F07D /* BlueRunning.atlas in Resources */,
				E4F2DA761BD5E4620089F07D /* RedDying.atlas in Resources */,
				6DE6FB091BD1EB54006245F8 /* LaunchScreen.storyboard in Resources */,
				E4F2DA721BD5E4620089F07D /* YellowRunning.atlas in Resources */,
				E4F2DA731BD5E4620089F07D /* GreenDying.atlas in Resources */,
				E4F2DA751BD5E4620089F07D /* RedRunning.atlas in Resources */,
				E4F2DA711BD5E4620089F07D /* YellowDying.atlas in Resources */,
				E4F2DA771BD5E4620089F07D /* BlueDying.atlas in Resources */,
				6DE6FB041BD1EB54006245F8 /* Main.storyboard in Resources */,
				E4F2DA821BD5ECF60089F07D /* Assets.xcassets in Resources */,
				E4F2DA741BD5E4620089F07D /* GreenRunning.atlas in Resources */,
			);
			runOnlyForDeploymentPostprocessing = 0;
		};
		6DE6FB0D1BD1EB54006245F8 /* Resources */ = {
			isa = PBXResourcesBuildPhase;
			buildActionMask = 2147483647;
			files = (
			);
			runOnlyForDeploymentPostprocessing = 0;
		};
		6DE6FB181BD1EB55006245F8 /* Resources */ = {
			isa = PBXResourcesBuildPhase;
			buildActionMask = 2147483647;
			files = (
			);
			runOnlyForDeploymentPostprocessing = 0;
		};
/* End PBXResourcesBuildPhase section */

/* Begin PBXSourcesBuildPhase section */
		6DE6FAF31BD1EB54006245F8 /* Sources */ = {
			isa = PBXSourcesBuildPhase;
			buildActionMask = 2147483647;
			files = (
				6DE6FAFF1BD1EB54006245F8 /* GamePlayScene.swift in Sources */,
				6DE6FB011BD1EB54006245F8 /* GameViewController.swift in Sources */,
				E4F2DA7C1BD5E49A0089F07D /* GameOver.swift in Sources */,
				6DE6FAFB1BD1EB54006245F8 /* AppDelegate.swift in Sources */,
				E4F2DA801BD5E4F40089F07D /* GameScene.swift in Sources */,
				E4F2DA7E1BD5E4DB0089F07D /* Hero.swift in Sources */,
			);
			runOnlyForDeploymentPostprocessing = 0;
		};
		6DE6FB0B1BD1EB54006245F8 /* Sources */ = {
			isa = PBXSourcesBuildPhase;
			buildActionMask = 2147483647;
			files = (
				6DE6FB141BD1EB54006245F8 /* DashBrosTests.swift in Sources */,
			);
			runOnlyForDeploymentPostprocessing = 0;
		};
		6DE6FB161BD1EB55006245F8 /* Sources */ = {
			isa = PBXSourcesBuildPhase;
			buildActionMask = 2147483647;
			files = (
				6DE6FB1F1BD1EB55006245F8 /* DashBrosUITests.swift in Sources */,
			);
			runOnlyForDeploymentPostprocessing = 0;
		};
/* End PBXSourcesBuildPhase section */

/* Begin PBXTargetDependency section */
		6DE6FB111BD1EB54006245F8 /* PBXTargetDependency */ = {
			isa = PBXTargetDependency;
			target = 6DE6FAF61BD1EB54006245F8 /* DashBros */;
			targetProxy = 6DE6FB101BD1EB54006245F8 /* PBXContainerItemProxy */;
		};
		6DE6FB1C1BD1EB55006245F8 /* PBXTargetDependency */ = {
			isa = PBXTargetDependency;
			target = 6DE6FAF61BD1EB54006245F8 /* DashBros */;
			targetProxy = 6DE6FB1B1BD1EB55006245F8 /* PBXContainerItemProxy */;
		};
/* End PBXTargetDependency section */

/* Begin PBXVariantGroup section */
		6DE6FB021BD1EB54006245F8 /* Main.storyboard */ = {
			isa = PBXVariantGroup;
			children = (
				6DE6FB031BD1EB54006245F8 /* Base */,
			);
			name = Main.storyboard;
			sourceTree = "<group>";
		};
		6DE6FB071BD1EB54006245F8 /* LaunchScreen.storyboard */ = {
			isa = PBXVariantGroup;
			children = (
				6DE6FB081BD1EB54006245F8 /* Base */,
			);
			name = LaunchScreen.storyboard;
			sourceTree = "<group>";
		};
/* End PBXVariantGroup section */

/* Begin XCBuildConfiguration section */
		6DE6FB211BD1EB55006245F8 /* Debug */ = {
			isa = XCBuildConfiguration;
			buildSettings = {
				ALWAYS_SEARCH_USER_PATHS = NO;
				CLANG_CXX_LANGUAGE_STANDARD = "gnu++0x";
				CLANG_CXX_LIBRARY = "libc++";
				CLANG_ENABLE_MODULES = YES;
				CLANG_ENABLE_OBJC_ARC = YES;
				CLANG_WARN_BOOL_CONVERSION = YES;
				CLANG_WARN_CONSTANT_CONVERSION = YES;
				CLANG_WARN_DIRECT_OBJC_ISA_USAGE = YES_ERROR;
				CLANG_WARN_EMPTY_BODY = YES;
				CLANG_WARN_ENUM_CONVERSION = YES;
				CLANG_WARN_INT_CONVERSION = YES;
				CLANG_WARN_OBJC_ROOT_CLASS = YES_ERROR;
				CLANG_WARN_UNREACHABLE_CODE = YES;
				CLANG_WARN__DUPLICATE_METHOD_MATCH = YES;
				"CODE_SIGN_IDENTITY[sdk=iphoneos*]" = "iPhone Developer";
				COPY_PHASE_STRIP = NO;
				DEBUG_INFORMATION_FORMAT = "dwarf-with-dsym";
				ENABLE_STRICT_OBJC_MSGSEND = YES;
				ENABLE_TESTABILITY = YES;
				GCC_C_LANGUAGE_STANDARD = gnu99;
				GCC_DYNAMIC_NO_PIC = NO;
				GCC_NO_COMMON_BLOCKS = YES;
				GCC_OPTIMIZATION_LEVEL = 0;
				GCC_PREPROCESSOR_DEFINITIONS = (
					"DEBUG=1",
					"$(inherited)",
				);
				GCC_WARN_64_TO_32_BIT_CONVERSION = YES;
				GCC_WARN_ABOUT_RETURN_TYPE = YES_ERROR;
				GCC_WARN_UNDECLARED_SELECTOR = YES;
				GCC_WARN_UNINITIALIZED_AUTOS = YES_AGGRESSIVE;
				GCC_WARN_UNUSED_FUNCTION = YES;
				GCC_WARN_UNUSED_VARIABLE = YES;
				IPHONEOS_DEPLOYMENT_TARGET = 9.0;
				MTL_ENABLE_DEBUG_INFO = YES;
				ONLY_ACTIVE_ARCH = YES;
				SDKROOT = iphoneos;
				SWIFT_OPTIMIZATION_LEVEL = "-Onone";
				TARGETED_DEVICE_FAMILY = "1,2";
			};
			name = Debug;
		};
		6DE6FB221BD1EB55006245F8 /* Release */ = {
			isa = XCBuildConfiguration;
			buildSettings = {
				ALWAYS_SEARCH_USER_PATHS = NO;
				CLANG_CXX_LANGUAGE_STANDARD = "gnu++0x";
				CLANG_CXX_LIBRARY = "libc++";
				CLANG_ENABLE_MODULES = YES;
				CLANG_ENABLE_OBJC_ARC = YES;
				CLANG_WARN_BOOL_CONVERSION = YES;
				CLANG_WARN_CONSTANT_CONVERSION = YES;
				CLANG_WARN_DIRECT_OBJC_ISA_USAGE = YES_ERROR;
				CLANG_WARN_EMPTY_BODY = YES;
				CLANG_WARN_ENUM_CONVERSION = YES;
				CLANG_WARN_INT_CONVERSION = YES;
				CLANG_WARN_OBJC_ROOT_CLASS = YES_ERROR;
				CLANG_WARN_UNREACHABLE_CODE = YES;
				CLANG_WARN__DUPLICATE_METHOD_MATCH = YES;
				"CODE_SIGN_IDENTITY[sdk=iphoneos*]" = "iPhone Developer";
				COPY_PHASE_STRIP = NO;
				DEBUG_INFORMATION_FORMAT = "dwarf-with-dsym";
				ENABLE_NS_ASSERTIONS = NO;
				ENABLE_STRICT_OBJC_MSGSEND = YES;
				GCC_C_LANGUAGE_STANDARD = gnu99;
				GCC_NO_COMMON_BLOCKS = YES;
				GCC_WARN_64_TO_32_BIT_CONVERSION = YES;
				GCC_WARN_ABOUT_RETURN_TYPE = YES_ERROR;
				GCC_WARN_UNDECLARED_SELECTOR = YES;
				GCC_WARN_UNINITIALIZED_AUTOS = YES_AGGRESSIVE;
				GCC_WARN_UNUSED_FUNCTION = YES;
				GCC_WARN_UNUSED_VARIABLE = YES;
				IPHONEOS_DEPLOYMENT_TARGET = 9.0;
				MTL_ENABLE_DEBUG_INFO = NO;
				SDKROOT = iphoneos;
				TARGETED_DEVICE_FAMILY = "1,2";
				VALIDATE_PRODUCT = YES;
			};
			name = Release;
		};
		6DE6FB241BD1EB55006245F8 /* Debug */ = {
			isa = XCBuildConfiguration;
			buildSettings = {
				ASSETCATALOG_COMPILER_APPICON_NAME = AppIcon;
				CODE_SIGN_IDENTITY = "iPhone Developer";
				"CODE_SIGN_IDENTITY[sdk=iphoneos*]" = "iPhone Developer";
				INFOPLIST_FILE = DashBros/Info.plist;
				LD_RUNPATH_SEARCH_PATHS = "$(inherited) @executable_path/Frameworks";
				PRODUCT_BUNDLE_IDENTIFIER = com.oneuppdev.DashBros;
				PRODUCT_NAME = "$(TARGET_NAME)";
				PROVISIONING_PROFILE = "";
				TARGETED_DEVICE_FAMILY = "1,2";
			};
			name = Debug;
		};
		6DE6FB251BD1EB55006245F8 /* Release */ = {
			isa = XCBuildConfiguration;
			buildSettings = {
				ASSETCATALOG_COMPILER_APPICON_NAME = AppIcon;
				CODE_SIGN_IDENTITY = "iPhone Developer";
				"CODE_SIGN_IDENTITY[sdk=iphoneos*]" = "iPhone Developer";
				INFOPLIST_FILE = DashBros/Info.plist;
				LD_RUNPATH_SEARCH_PATHS = "$(inherited) @executable_path/Frameworks";
				PRODUCT_BUNDLE_IDENTIFIER = com.oneuppdev.DashBros;
				PRODUCT_NAME = "$(TARGET_NAME)";
				PROVISIONING_PROFILE = "";
				TARGETED_DEVICE_FAMILY = "1,2";
			};
			name = Release;
		};
		6DE6FB271BD1EB55006245F8 /* Debug */ = {
			isa = XCBuildConfiguration;
			buildSettings = {
				BUNDLE_LOADER = "$(TEST_HOST)";
				DEBUG_INFORMATION_FORMAT = dwarf;
				INFOPLIST_FILE = DashBrosTests/Info.plist;
				LD_RUNPATH_SEARCH_PATHS = "$(inherited) @executable_path/Frameworks @loader_path/Frameworks";
				PRODUCT_BUNDLE_IDENTIFIER = com.oneuppdev.DashBrosTests;
				PRODUCT_NAME = "$(TARGET_NAME)";
				TEST_HOST = "$(BUILT_PRODUCTS_DIR)/DashBros.app/DashBros";
			};
			name = Debug;
		};
		6DE6FB281BD1EB55006245F8 /* Release */ = {
			isa = XCBuildConfiguration;
			buildSettings = {
				BUNDLE_LOADER = "$(TEST_HOST)";
				INFOPLIST_FILE = DashBrosTests/Info.plist;
				LD_RUNPATH_SEARCH_PATHS = "$(inherited) @executable_path/Frameworks @loader_path/Frameworks";
				PRODUCT_BUNDLE_IDENTIFIER = com.oneuppdev.DashBrosTests;
				PRODUCT_NAME = "$(TARGET_NAME)";
				TEST_HOST = "$(BUILT_PRODUCTS_DIR)/DashBros.app/DashBros";
			};
			name = Release;
		};
		6DE6FB2A1BD1EB55006245F8 /* Debug */ = {
			isa = XCBuildConfiguration;
			buildSettings = {
				DEBUG_INFORMATION_FORMAT = dwarf;
				INFOPLIST_FILE = DashBrosUITests/Info.plist;
				LD_RUNPATH_SEARCH_PATHS = "$(inherited) @executable_path/Frameworks @loader_path/Frameworks";
				PRODUCT_BUNDLE_IDENTIFIER = com.oneuppdev.DashBrosUITests;
				PRODUCT_NAME = "$(TARGET_NAME)";
				TEST_TARGET_NAME = DashBros;
				USES_XCTRUNNER = YES;
			};
			name = Debug;
		};
		6DE6FB2B1BD1EB55006245F8 /* Release */ = {
			isa = XCBuildConfiguration;
			buildSettings = {
				INFOPLIST_FILE = DashBrosUITests/Info.plist;
				LD_RUNPATH_SEARCH_PATHS = "$(inherited) @executable_path/Frameworks @loader_path/Frameworks";
				PRODUCT_BUNDLE_IDENTIFIER = com.oneuppdev.DashBrosUITests;
				PRODUCT_NAME = "$(TARGET_NAME)";
				TEST_TARGET_NAME = DashBros;
				USES_XCTRUNNER = YES;
			};
			name = Release;
		};
/* End XCBuildConfiguration section */

/* Begin XCConfigurationList section */
		6DE6FAF21BD1EB54006245F8 /* Build configuration list for PBXProject "DashBros" */ = {
			isa = XCConfigurationList;
			buildConfigurations = (
				6DE6FB211BD1EB55006245F8 /* Debug */,
				6DE6FB221BD1EB55006245F8 /* Release */,
			);
			defaultConfigurationIsVisible = 0;
			defaultConfigurationName = Release;
		};
		6DE6FB231BD1EB55006245F8 /* Build configuration list for PBXNativeTarget "DashBros" */ = {
			isa = XCConfigurationList;
			buildConfigurations = (
				6DE6FB241BD1EB55006245F8 /* Debug */,
				6DE6FB251BD1EB55006245F8 /* Release */,
			);
			defaultConfigurationIsVisible = 0;
			defaultConfigurationName = Release;
		};
		6DE6FB261BD1EB55006245F8 /* Build configuration list for PBXNativeTarget "DashBrosTests" */ = {
			isa = XCConfigurationList;
			buildConfigurations = (
				6DE6FB271BD1EB55006245F8 /* Debug */,
				6DE6FB281BD1EB55006245F8 /* Release */,
			);
			defaultConfigurationIsVisible = 0;
			defaultConfigurationName = Release;
		};
		6DE6FB291BD1EB55006245F8 /* Build configuration list for PBXNativeTarget "DashBrosUITests" */ = {
			isa = XCConfigurationList;
			buildConfigurations = (
				6DE6FB2A1BD1EB55006245F8 /* Debug */,
				6DE6FB2B1BD1EB55006245F8 /* Release */,
			);
			defaultConfigurationIsVisible = 0;
			defaultConfigurationName = Release;
		};
/* End XCConfigurationList section */
	};
	rootObject = 6DE6FAEF1BD1EB54006245F8 /* Project object */;
}
